// !$*UTF8*$!
{
	archiveVersion = 1;
	classes = {
	};
	objectVersion = 56;
	objects = {

/* Begin PBXBuildFile section */
		18A24BE829D8309E001105F0 /* AppDelegate.swift in Sources */ = {isa = PBXBuildFile; fileRef = 18A24BE729D8309E001105F0 /* AppDelegate.swift */; };
		18A24BEA29D8309E001105F0 /* SceneDelegate.swift in Sources */ = {isa = PBXBuildFile; fileRef = 18A24BE929D8309E001105F0 /* SceneDelegate.swift */; };
		18A24BEC29D8309E001105F0 /* ScrollViewController.swift in Sources */ = {isa = PBXBuildFile; fileRef = 18A24BEB29D8309E001105F0 /* ScrollViewController.swift */; };
		18A24BF229D8309E001105F0 /* OneLabHW2.xcdatamodeld in Sources */ = {isa = PBXBuildFile; fileRef = 18A24BF029D8309E001105F0 /* OneLabHW2.xcdatamodeld */; };
		18A24BF429D8309F001105F0 /* Assets.xcassets in Resources */ = {isa = PBXBuildFile; fileRef = 18A24BF329D8309F001105F0 /* Assets.xcassets */; };
		18A24BF729D8309F001105F0 /* LaunchScreen.storyboard in Resources */ = {isa = PBXBuildFile; fileRef = 18A24BF529D8309F001105F0 /* LaunchScreen.storyboard */; };
		18A24C0029D8326F001105F0 /* SnapKit in Frameworks */ = {isa = PBXBuildFile; productRef = 18A24BFF29D8326F001105F0 /* SnapKit */; };
		18A24C0229D84308001105F0 /* HomeViewController.swift in Sources */ = {isa = PBXBuildFile; fileRef = 18A24C0129D84308001105F0 /* HomeViewController.swift */; };
		18A24C0429D84B09001105F0 /* ContactsViewController.swift in Sources */ = {isa = PBXBuildFile; fileRef = 18A24C0329D84B09001105F0 /* ContactsViewController.swift */; };
		18E8F3CF29D95B2000CF8A11 /* PinterestViewController.swift in Sources */ = {isa = PBXBuildFile; fileRef = 18E8F3CE29D95B2000CF8A11 /* PinterestViewController.swift */; };
		18E8F3D129D95BF200CF8A11 /* CollectionLayout.swift in Sources */ = {isa = PBXBuildFile; fileRef = 18E8F3D029D95BF200CF8A11 /* CollectionLayout.swift */; };
		18E8F3D329D95E9500CF8A11 /* PhotoModel.swift in Sources */ = {isa = PBXBuildFile; fileRef = 18E8F3D229D95E9500CF8A11 /* PhotoModel.swift */; };
		18E8F3D529D9621A00CF8A11 /* PhotoCells.swift in Sources */ = {isa = PBXBuildFile; fileRef = 18E8F3D429D9621A00CF8A11 /* PhotoCells.swift */; };
		18E8F3D929D96DF000CF8A11 /* SwiftUIViewController.swift in Sources */ = {isa = PBXBuildFile; fileRef = 18E8F3D829D96DF000CF8A11 /* SwiftUIViewController.swift */; };
/* End PBXBuildFile section */

/* Begin PBXFileReference section */
		18A24BE429D8309E001105F0 /* OneLabHW2.app */ = {isa = PBXFileReference; explicitFileType = wrapper.application; includeInIndex = 0; path = OneLabHW2.app; sourceTree = BUILT_PRODUCTS_DIR; };
		18A24BE729D8309E001105F0 /* AppDelegate.swift */ = {isa = PBXFileReference; lastKnownFileType = sourcecode.swift; path = AppDelegate.swift; sourceTree = "<group>"; };
		18A24BE929D8309E001105F0 /* SceneDelegate.swift */ = {isa = PBXFileReference; lastKnownFileType = sourcecode.swift; path = SceneDelegate.swift; sourceTree = "<group>"; };
		18A24BEB29D8309E001105F0 /* ScrollViewController.swift */ = {isa = PBXFileReference; lastKnownFileType = sourcecode.swift; path = ScrollViewController.swift; sourceTree = "<group>"; };
		18A24BF129D8309E001105F0 /* OneLabHW2.xcdatamodel */ = {isa = PBXFileReference; lastKnownFileType = wrapper.xcdatamodel; path = OneLabHW2.xcdatamodel; sourceTree = "<group>"; };
		18A24BF329D8309F001105F0 /* Assets.xcassets */ = {isa = PBXFileReference; lastKnownFileType = folder.assetcatalog; path = Assets.xcassets; sourceTree = "<group>"; };
		18A24BF629D8309F001105F0 /* Base */ = {isa = PBXFileReference; lastKnownFileType = file.storyboard; name = Base; path = Base.lproj/LaunchScreen.storyboard; sourceTree = "<group>"; };
		18A24BF829D8309F001105F0 /* Info.plist */ = {isa = PBXFileReference; lastKnownFileType = text.plist.xml; path = Info.plist; sourceTree = "<group>"; };
		18A24C0129D84308001105F0 /* HomeViewController.swift */ = {isa = PBXFileReference; lastKnownFileType = sourcecode.swift; path = HomeViewController.swift; sourceTree = "<group>"; };
		18A24C0329D84B09001105F0 /* ContactsViewController.swift */ = {isa = PBXFileReference; lastKnownFileType = sourcecode.swift; path = ContactsViewController.swift; sourceTree = "<group>"; };
		18E8F3CE29D95B2000CF8A11 /* PinterestViewController.swift */ = {isa = PBXFileReference; lastKnownFileType = sourcecode.swift; path = PinterestViewController.swift; sourceTree = "<group>"; };
		18E8F3D029D95BF200CF8A11 /* CollectionLayout.swift */ = {isa = PBXFileReference; lastKnownFileType = sourcecode.swift; path = CollectionLayout.swift; sourceTree = "<group>"; };
		18E8F3D229D95E9500CF8A11 /* PhotoModel.swift */ = {isa = PBXFileReference; lastKnownFileType = sourcecode.swift; path = PhotoModel.swift; sourceTree = "<group>"; };
		18E8F3D429D9621A00CF8A11 /* PhotoCells.swift */ = {isa = PBXFileReference; lastKnownFileType = sourcecode.swift; path = PhotoCells.swift; sourceTree = "<group>"; };
		18E8F3D829D96DF000CF8A11 /* SwiftUIViewController.swift */ = {isa = PBXFileReference; lastKnownFileType = sourcecode.swift; path = SwiftUIViewController.swift; sourceTree = "<group>"; };
/* End PBXFileReference section */

/* Begin PBXFrameworksBuildPhase section */
		18A24BE129D8309E001105F0 /* Frameworks */ = {
			isa = PBXFrameworksBuildPhase;
			buildActionMask = 2147483647;
			files = (
				18A24C0029D8326F001105F0 /* SnapKit in Frameworks */,
			);
			runOnlyForDeploymentPostprocessing = 0;
		};
/* End PBXFrameworksBuildPhase section */

/* Begin PBXGroup section */
		18A24BDB29D8309E001105F0 = {
			isa = PBXGroup;
			children = (
				18A24BE629D8309E001105F0 /* OneLabHW2 */,
				18A24BE529D8309E001105F0 /* Products */,
			);
			sourceTree = "<group>";
		};
		18A24BE529D8309E001105F0 /* Products */ = {
			isa = PBXGroup;
			children = (
				18A24BE429D8309E001105F0 /* OneLabHW2.app */,
			);
			name = Products;
			sourceTree = "<group>";
		};
		18A24BE629D8309E001105F0 /* OneLabHW2 */ = {
			isa = PBXGroup;
			children = (
				18D5F5D529D88C240012D6A9 /* Delegates */,
				18D5F5D829D88C4B0012D6A9 /* HWListView */,
				18D5F5D729D88C3D0012D6A9 /* ScrollView */,
				18D5F5D429D88C170012D6A9 /* Contacts */,
				18E8F3CD29D95AF600CF8A11 /* Pinterest */,
				18E8F3D729D96DD600CF8A11 /* SwiftUI */,
				18A24BF329D8309F001105F0 /* Assets.xcassets */,
				18A24BF529D8309F001105F0 /* LaunchScreen.storyboard */,
				18A24BF829D8309F001105F0 /* Info.plist */,
				18A24BF029D8309E001105F0 /* OneLabHW2.xcdatamodeld */,
			);
			path = OneLabHW2;
			sourceTree = "<group>";
		};
		18D5F5D429D88C170012D6A9 /* Contacts */ = {
			isa = PBXGroup;
			children = (
				18A24C0329D84B09001105F0 /* ContactsViewController.swift */,
			);
			path = Contacts;
			sourceTree = "<group>";
		};
		18D5F5D529D88C240012D6A9 /* Delegates */ = {
			isa = PBXGroup;
			children = (
				18A24BE929D8309E001105F0 /* SceneDelegate.swift */,
				18A24BE729D8309E001105F0 /* AppDelegate.swift */,
			);
			path = Delegates;
			sourceTree = "<group>";
		};
		18D5F5D729D88C3D0012D6A9 /* ScrollView */ = {
			isa = PBXGroup;
			children = (
				18A24BEB29D8309E001105F0 /* ScrollViewController.swift */,
			);
			path = ScrollView;
			sourceTree = "<group>";
		};
		18D5F5D829D88C4B0012D6A9 /* HWListView */ = {
			isa = PBXGroup;
			children = (
				18A24C0129D84308001105F0 /* HomeViewController.swift */,
			);
			path = HWListView;
			sourceTree = "<group>";
		};
		18E8F3CD29D95AF600CF8A11 /* Pinterest */ = {
			isa = PBXGroup;
			children = (
				18E8F3CE29D95B2000CF8A11 /* PinterestViewController.swift */,
				18E8F3D029D95BF200CF8A11 /* CollectionLayout.swift */,
				18E8F3D229D95E9500CF8A11 /* PhotoModel.swift */,
				18E8F3D429D9621A00CF8A11 /* PhotoCells.swift */,
			);
			path = Pinterest;
			sourceTree = "<group>";
		};
		18E8F3D729D96DD600CF8A11 /* SwiftUI */ = {
			isa = PBXGroup;
			children = (
				18E8F3D829D96DF000CF8A11 /* SwiftUIViewController.swift */,
			);
			path = SwiftUI;
			sourceTree = "<group>";
		};
/* End PBXGroup section */

/* Begin PBXNativeTarget section */
		18A24BE329D8309E001105F0 /* OneLabHW2 */ = {
			isa = PBXNativeTarget;
			buildConfigurationList = 18A24BFB29D8309F001105F0 /* Build configuration list for PBXNativeTarget "OneLabHW2" */;
			buildPhases = (
				18A24BE029D8309E001105F0 /* Sources */,
				18A24BE129D8309E001105F0 /* Frameworks */,
				18A24BE229D8309E001105F0 /* Resources */,
			);
			buildRules = (
			);
			dependencies = (
			);
			name = OneLabHW2;
			packageProductDependencies = (
				18A24BFF29D8326F001105F0 /* SnapKit */,
			);
			productName = OneLabHW2;
			productReference = 18A24BE429D8309E001105F0 /* OneLabHW2.app */;
			productType = "com.apple.product-type.application";
		};
/* End PBXNativeTarget section */

/* Begin PBXProject section */
		18A24BDC29D8309E001105F0 /* Project object */ = {
			isa = PBXProject;
			attributes = {
				BuildIndependentTargetsInParallel = 1;
				LastSwiftUpdateCheck = 1420;
				LastUpgradeCheck = 1420;
				TargetAttributes = {
					18A24BE329D8309E001105F0 = {
						CreatedOnToolsVersion = 14.2;
					};
				};
			};
			buildConfigurationList = 18A24BDF29D8309E001105F0 /* Build configuration list for PBXProject "OneLabHW2" */;
			compatibilityVersion = "Xcode 14.0";
			developmentRegion = en;
			hasScannedForEncodings = 0;
			knownRegions = (
				en,
				Base,
			);
			mainGroup = 18A24BDB29D8309E001105F0;
			packageReferences = (
				18A24BFE29D8326F001105F0 /* XCRemoteSwiftPackageReference "SnapKit" */,
			);
			productRefGroup = 18A24BE529D8309E001105F0 /* Products */;
			projectDirPath = "";
			projectRoot = "";
			targets = (
				18A24BE329D8309E001105F0 /* OneLabHW2 */,
			);
		};
/* End PBXProject section */

/* Begin PBXResourcesBuildPhase section */
		18A24BE229D8309E001105F0 /* Resources */ = {
			isa = PBXResourcesBuildPhase;
			buildActionMask = 2147483647;
			files = (
				18A24BF729D8309F001105F0 /* LaunchScreen.storyboard in Resources */,
				18A24BF429D8309F001105F0 /* Assets.xcassets in Resources */,
			);
			runOnlyForDeploymentPostprocessing = 0;
		};
/* End PBXResourcesBuildPhase section */

/* Begin PBXSourcesBuildPhase section */
		18A24BE029D8309E001105F0 /* Sources */ = {
			isa = PBXSourcesBuildPhase;
			buildActionMask = 2147483647;
			files = (
				18E8F3D329D95E9500CF8A11 /* PhotoModel.swift in Sources */,
				18A24C0229D84308001105F0 /* HomeViewController.swift in Sources */,
				18E8F3CF29D95B2000CF8A11 /* PinterestViewController.swift in Sources */,
				18A24BF229D8309E001105F0 /* OneLabHW2.xcdatamodeld in Sources */,
				18E8F3D129D95BF200CF8A11 /* CollectionLayout.swift in Sources */,
				18A24BEC29D8309E001105F0 /* ScrollViewController.swift in Sources */,
				18E8F3D929D96DF000CF8A11 /* SwiftUIViewController.swift in Sources */,
				18A24BE829D8309E001105F0 /* AppDelegate.swift in Sources */,
				18A24BEA29D8309E001105F0 /* SceneDelegate.swift in Sources */,
				18E8F3D529D9621A00CF8A11 /* PhotoCells.swift in Sources */,
				18A24C0429D84B09001105F0 /* ContactsViewController.swift in Sources */,
			);
			runOnlyForDeploymentPostprocessing = 0;
		};
/* End PBXSourcesBuildPhase section */

/* Begin PBXVariantGroup section */
		18A24BF529D8309F001105F0 /* LaunchScreen.storyboard */ = {
			isa = PBXVariantGroup;
			children = (
				18A24BF629D8309F001105F0 /* Base */,
			);
			name = LaunchScreen.storyboard;
			sourceTree = "<group>";
		};
/* End PBXVariantGroup section */

/* Begin XCBuildConfiguration section */
		18A24BF929D8309F001105F0 /* Debug */ = {
			isa = XCBuildConfiguration;
			buildSettings = {
				ALWAYS_SEARCH_USER_PATHS = NO;
				CLANG_ANALYZER_NONNULL = YES;
				CLANG_ANALYZER_NUMBER_OBJECT_CONVERSION = YES_AGGRESSIVE;
				CLANG_CXX_LANGUAGE_STANDARD = "gnu++20";
				CLANG_ENABLE_MODULES = YES;
				CLANG_ENABLE_OBJC_ARC = YES;
				CLANG_ENABLE_OBJC_WEAK = YES;
				CLANG_WARN_BLOCK_CAPTURE_AUTORELEASING = YES;
				CLANG_WARN_BOOL_CONVERSION = YES;
				CLANG_WARN_COMMA = YES;
				CLANG_WARN_CONSTANT_CONVERSION = YES;
				CLANG_WARN_DEPRECATED_OBJC_IMPLEMENTATIONS = YES;
				CLANG_WARN_DIRECT_OBJC_ISA_USAGE = YES_ERROR;
				CLANG_WARN_DOCUMENTATION_COMMENTS = YES;
				CLANG_WARN_EMPTY_BODY = YES;
				CLANG_WARN_ENUM_CONVERSION = YES;
				CLANG_WARN_INFINITE_RECURSION = YES;
				CLANG_WARN_INT_CONVERSION = YES;
				CLANG_WARN_NON_LITERAL_NULL_CONVERSION = YES;
				CLANG_WARN_OBJC_IMPLICIT_RETAIN_SELF = YES;
				CLANG_WARN_OBJC_LITERAL_CONVERSION = YES;
				CLANG_WARN_OBJC_ROOT_CLASS = YES_ERROR;
				CLANG_WARN_QUOTED_INCLUDE_IN_FRAMEWORK_HEADER = YES;
				CLANG_WARN_RANGE_LOOP_ANALYSIS = YES;
				CLANG_WARN_STRICT_PROTOTYPES = YES;
				CLANG_WARN_SUSPICIOUS_MOVE = YES;
				CLANG_WARN_UNGUARDED_AVAILABILITY = YES_AGGRESSIVE;
				CLANG_WARN_UNREACHABLE_CODE = YES;
				CLANG_WARN__DUPLICATE_METHOD_MATCH = YES;
				COPY_PHASE_STRIP = NO;
				DEBUG_INFORMATION_FORMAT = dwarf;
				ENABLE_STRICT_OBJC_MSGSEND = YES;
				ENABLE_TESTABILITY = YES;
				GCC_C_LANGUAGE_STANDARD = gnu11;
				GCC_DYNAMIC_NO_PIC = NO;
				GCC_NO_COMMON_BLOCKS = YES;
				GCC_OPTIMIZATION_LEVEL = 0;
				GCC_PREPROCESSOR_DEFINITIONS = (
					"DEBUG=1",
					"$(inherited)",
				);
				GCC_WARN_64_TO_32_BIT_CONVERSION = YES;
				GCC_WARN_ABOUT_RETURN_TYPE = YES_ERROR;
				GCC_WARN_UNDECLARED_SELECTOR = YES;
				GCC_WARN_UNINITIALIZED_AUTOS = YES_AGGRESSIVE;
				GCC_WARN_UNUSED_FUNCTION = YES;
				GCC_WARN_UNUSED_VARIABLE = YES;
				IPHONEOS_DEPLOYMENT_TARGET = 16.2;
				MTL_ENABLE_DEBUG_INFO = INCLUDE_SOURCE;
				MTL_FAST_MATH = YES;
				ONLY_ACTIVE_ARCH = YES;
				SDKROOT = iphoneos;
				SWIFT_ACTIVE_COMPILATION_CONDITIONS = DEBUG;
				SWIFT_OPTIMIZATION_LEVEL = "-Onone";
			};
			name = Debug;
		};
		18A24BFA29D8309F001105F0 /* Release */ = {
			isa = XCBuildConfiguration;
			buildSettings = {
				ALWAYS_SEARCH_USER_PATHS = NO;
				CLANG_ANALYZER_NONNULL = YES;
				CLANG_ANALYZER_NUMBER_OBJECT_CONVERSION = YES_AGGRESSIVE;
				CLANG_CXX_LANGUAGE_STANDARD = "gnu++20";
				CLANG_ENABLE_MODULES = YES;
				CLANG_ENABLE_OBJC_ARC = YES;
				CLANG_ENABLE_OBJC_WEAK = YES;
				CLANG_WARN_BLOCK_CAPTURE_AUTORELEASING = YES;
				CLANG_WARN_BOOL_CONVERSION = YES;
				CLANG_WARN_COMMA = YES;
				CLANG_WARN_CONSTANT_CONVERSION = YES;
				CLANG_WARN_DEPRECATED_OBJC_IMPLEMENTATIONS = YES;
				CLANG_WARN_DIRECT_OBJC_ISA_USAGE = YES_ERROR;
				CLANG_WARN_DOCUMENTATION_COMMENTS = YES;
				CLANG_WARN_EMPTY_BODY = YES;
				CLANG_WARN_ENUM_CONVERSION = YES;
				CLANG_WARN_INFINITE_RECURSION = YES;
				CLANG_WARN_INT_CONVERSION = YES;
				CLANG_WARN_NON_LITERAL_NULL_CONVERSION = YES;
				CLANG_WARN_OBJC_IMPLICIT_RETAIN_SELF = YES;
				CLANG_WARN_OBJC_LITERAL_CONVERSION = YES;
				CLANG_WARN_OBJC_ROOT_CLASS = YES_ERROR;
				CLANG_WARN_QUOTED_INCLUDE_IN_FRAMEWORK_HEADER = YES;
				CLANG_WARN_RANGE_LOOP_ANALYSIS = YES;
				CLANG_WARN_STRICT_PROTOTYPES = YES;
				CLANG_WARN_SUSPICIOUS_MOVE = YES;
				CLANG_WARN_UNGUARDED_AVAILABILITY = YES_AGGRESSIVE;
				CLANG_WARN_UNREACHABLE_CODE = YES;
				CLANG_WARN__DUPLICATE_METHOD_MATCH = YES;
				COPY_PHASE_STRIP = NO;
				DEBUG_INFORMATION_FORMAT = "dwarf-with-dsym";
				ENABLE_NS_ASSERTIONS = NO;
				ENABLE_STRICT_OBJC_MSGSEND = YES;
				GCC_C_LANGUAGE_STANDARD = gnu11;
				GCC_NO_COMMON_BLOCKS = YES;
				GCC_WARN_64_TO_32_BIT_CONVERSION = YES;
				GCC_WARN_ABOUT_RETURN_TYPE = YES_ERROR;
				GCC_WARN_UNDECLARED_SELECTOR = YES;
				GCC_WARN_UNINITIALIZED_AUTOS = YES_AGGRESSIVE;
				GCC_WARN_UNUSED_FUNCTION = YES;
				GCC_WARN_UNUSED_VARIABLE = YES;
				IPHONEOS_DEPLOYMENT_TARGET = 16.2;
				MTL_ENABLE_DEBUG_INFO = NO;
				MTL_FAST_MATH = YES;
				SDKROOT = iphoneos;
				SWIFT_COMPILATION_MODE = wholemodule;
				SWIFT_OPTIMIZATION_LEVEL = "-O";
				VALIDATE_PRODUCT = YES;
			};
			name = Release;
		};
		18A24BFC29D8309F001105F0 /* Debug */ = {
			isa = XCBuildConfiguration;
			buildSettings = {
				ASSETCATALOG_COMPILER_APPICON_NAME = AppIcon;
				ASSETCATALOG_COMPILER_GLOBAL_ACCENT_COLOR_NAME = AccentColor;
				CODE_SIGN_STYLE = Automatic;
				CURRENT_PROJECT_VERSION = 1;
				DEVELOPMENT_TEAM = 772A23CWJC;
				GENERATE_INFOPLIST_FILE = YES;
				INFOPLIST_FILE = OneLabHW2/Info.plist;
				INFOPLIST_KEY_UIApplicationSupportsIndirectInputEvents = YES;
				INFOPLIST_KEY_UILaunchStoryboardName = LaunchScreen;
				INFOPLIST_KEY_UISupportedInterfaceOrientations_iPad = "UIInterfaceOrientationPortrait UIInterfaceOrientationPortraitUpsideDown UIInterfaceOrientationLandscapeLeft UIInterfaceOrientationLandscapeRight";
				INFOPLIST_KEY_UISupportedInterfaceOrientations_iPhone = "UIInterfaceOrientationPortrait UIInterfaceOrientationLandscapeLeft UIInterfaceOrientationLandscapeRight";
				LD_RUNPATH_SEARCH_PATHS = (
					"$(inherited)",
					"@executable_path/Frameworks",
				);
				MARKETING_VERSION = 1.0;
				PRODUCT_BUNDLE_IDENTIFIER = kazakhlegacy.OneLabHW2;
				PRODUCT_NAME = "$(TARGET_NAME)";
				SWIFT_EMIT_LOC_STRINGS = YES;
				SWIFT_VERSION = 5.0;
				TARGETED_DEVICE_FAMILY = "1,2";
			};
			name = Debug;
		};
		18A24BFD29D8309F001105F0 /* Release */ = {
			isa = XCBuildConfiguration;
			buildSettings = {
				ASSETCATALOG_COMPILER_APPICON_NAME = AppIcon;
				ASSETCATALOG_COMPILER_GLOBAL_ACCENT_COLOR_NAME = AccentColor;
				CODE_SIGN_STYLE = Automatic;
				CURRENT_PROJECT_VERSION = 1;
				DEVELOPMENT_TEAM = 772A23CWJC;
				GENERATE_INFOPLIST_FILE = YES;
				INFOPLIST_FILE = OneLabHW2/Info.plist;
				INFOPLIST_KEY_UIApplicationSupportsIndirectInputEvents = YES;
				INFOPLIST_KEY_UILaunchStoryboardName = LaunchScreen;
				INFOPLIST_KEY_UISupportedInterfaceOrientations_iPad = "UIInterfaceOrientationPortrait UIInterfaceOrientationPortraitUpsideDown UIInterfaceOrientationLandscapeLeft UIInterfaceOrientationLandscapeRight";
				INFOPLIST_KEY_UISupportedInterfaceOrientations_iPhone = "UIInterfaceOrientationPortrait UIInterfaceOrientationLandscapeLeft UIInterfaceOrientationLandscapeRight";
				LD_RUNPATH_SEARCH_PATHS = (
					"$(inherited)",
					"@executable_path/Frameworks",
				);
				MARKETING_VERSION = 1.0;
				PRODUCT_BUNDLE_IDENTIFIER = kazakhlegacy.OneLabHW2;
				PRODUCT_NAME = "$(TARGET_NAME)";
				SWIFT_EMIT_LOC_STRINGS = YES;
				SWIFT_VERSION = 5.0;
				TARGETED_DEVICE_FAMILY = "1,2";
			};
			name = Release;
		};
/* End XCBuildConfiguration section */

/* Begin XCConfigurationList section */
		18A24BDF29D8309E001105F0 /* Build configuration list for PBXProject "OneLabHW2" */ = {
			isa = XCConfigurationList;
			buildConfigurations = (
				18A24BF929D8309F001105F0 /* Debug */,
				18A24BFA29D8309F001105F0 /* Release */,
			);
			defaultConfigurationIsVisible = 0;
			defaultConfigurationName = Release;
		};
		18A24BFB29D8309F001105F0 /* Build configuration list for PBXNativeTarget "OneLabHW2" */ = {
			isa = XCConfigurationList;
			buildConfigurations = (
				18A24BFC29D8309F001105F0 /* Debug */,
				18A24BFD29D8309F001105F0 /* Release */,
			);
			defaultConfigurationIsVisible = 0;
			defaultConfigurationName = Release;
		};
/* End XCConfigurationList section */

/* Begin XCRemoteSwiftPackageReference section */
		18A24BFE29D8326F001105F0 /* XCRemoteSwiftPackageReference "SnapKit" */ = {
			isa = XCRemoteSwiftPackageReference;
			repositoryURL = "https://github.com/SnapKit/SnapKit";
			requirement = {
				branch = develop;
				kind = branch;
			};
		};
/* End XCRemoteSwiftPackageReference section */

/* Begin XCSwiftPackageProductDependency section */
		18A24BFF29D8326F001105F0 /* SnapKit */ = {
			isa = XCSwiftPackageProductDependency;
			package = 18A24BFE29D8326F001105F0 /* XCRemoteSwiftPackageReference "SnapKit" */;
			productName = SnapKit;
		};
/* End XCSwiftPackageProductDependency section */

/* Begin XCVersionGroup section */
		18A24BF029D8309E001105F0 /* OneLabHW2.xcdatamodeld */ = {
			isa = XCVersionGroup;
			children = (
				18A24BF129D8309E001105F0 /* OneLabHW2.xcdatamodel */,
			);
			currentVersion = 18A24BF129D8309E001105F0 /* OneLabHW2.xcdatamodel */;
			path = OneLabHW2.xcdatamodeld;
			sourceTree = "<group>";
			versionGroupType = wrapper.xcdatamodel;
		};
/* End XCVersionGroup section */
	};
	rootObject = 18A24BDC29D8309E001105F0 /* Project object */;
}
